
Microsoft Visual Studio Solution File, Format Version 12.00
# Visual Studio Version 17
VisualStudioVersion = 17.7.34221.43
MinimumVisualStudioVersion = 10.0.40219.1
Project("{FAE04EC0-301F-11D3-BF4B-00C04F79EFBC}") = "DominiumAPI", "DominiumAPI\DominiumAPI.csproj", "{3C97E39D-A77B-4156-831A-B6818520DECE}"
EndProject
Global
	GlobalSection(SolutionConfigurationPlatforms) = preSolution
		Debug|Any CPU = Debug|Any CPU
		Release|Any CPU = Release|Any CPU
	EndGlobalSection
	GlobalSection(ProjectConfigurationPlatforms) = postSolution
		{3C97E39D-A77B-4156-831A-B6818520DECE}.Debug|Any CPU.ActiveCfg = Debug|Any CPU
		{3C97E39D-A77B-4156-831A-B6818520DECE}.Debug|Any CPU.Build.0 = Debug|Any CPU
		{3C97E39D-A77B-4156-831A-B6818520DECE}.Release|Any CPU.ActiveCfg = Release|Any CPU
		{3C97E39D-A77B-4156-831A-B6818520DECE}.Release|Any CPU.Build.0 = Release|Any CPU
	EndGlobalSection
	GlobalSection(SolutionProperties) = preSolution
		HideSolutionNode = FALSE
	EndGlobalSection
	GlobalSection(ExtensibilityGlobals) = postSolution
		SolutionGuid = {79B212EF-45BD-4021-AF92-A724A6C0CEC9}
	EndGlobalSection
EndGlobal
